<?xml version="1.0" encoding="utf-8"?>
<Project ToolsVersion="4.0" xmlns="http://schemas.microsoft.com/developer/msbuild/2003">
  <ItemGroup>
    <Filter Include="Source Files">
      <UniqueIdentifier>{4FC737F1-C7A5-4376-A066-2A32D752A2FF}</UniqueIdentifier>
      <Extensions>cpp;c;cc;cxx;c++;cppm;ixx;def;odl;idl;hpj;bat;asm;asmx</Extensions>
    </Filter>
    <Filter Include="Header Files">
      <UniqueIdentifier>{93995380-89BD-4b04-88EB-625FBE52EBFB}</UniqueIdentifier>
      <Extensions>h;hh;hpp;hxx;h++;hm;inl;inc;ipp;xsd</Extensions>
    </Filter>
    <Filter Include="Resource Files">
      <UniqueIdentifier>{67DA6AB6-F800-4c08-8B7A-83BB121AAD01}</UniqueIdentifier>
      <Extensions>rc;ico;cur;bmp;dlg;rc2;rct;bin;rgs;gif;jpg;jpeg;jpe;resx;tiff;tif;png;wav;mfcribbon-ms</Extensions>
    </Filter>
  </ItemGroup>
  <ItemGroup>
    <ClCompile Include="framework_main.cpp">
      <Filter>Source Files</Filter>
    </ClCompile>
    <ClCompile Include="src\framework\win32\app_window_impl_win32.cpp">
      <Filter>Source Files</Filter>
    </ClCompile>
    <ClCompile Include="src\framework\base_app.cpp">
      <Filter>Source Files</Filter>
    </ClCompile>
    <ClCompile Include="src\graphics\gl\win32\renderer_impl_wgl.cpp">
      <Filter>Source Files</Filter>
    </ClCompile>
    <ClCompile Include="src\graphics\gl\renderer_impl_gl.cpp">
      <Filter>Source Files</Filter>
    </ClCompile>
    <ClCompile Include="src\graphics\gl\vertex_buffer_impl_gl.cpp">
      <Filter>Source Files</Filter>
    </ClCompile>
    <ClCompile Include="src\graphics\gl\shader_impl_gl.cpp">
      <Filter>Source Files</Filter>
    </ClCompile>
    <ClCompile Include="src\graphics\shader.cpp">
      <Filter>Source Files</Filter>
    </ClCompile>
    <ClCompile Include="src\graphics\gl\shader_program_impl_gl.cpp">
      <Filter>Source Files</Filter>
    </ClCompile>
    <ClCompile Include="src\graphics\gl\quad_vertex_buffer_impl_gl.cpp">
      <Filter>Source Files</Filter>
    </ClCompile>
    <ClCompile Include="src\graphics\gl\vertex_impl_gl.cpp">
      <Filter>Source Files</Filter>
    </ClCompile>
    <ClCompile Include="src\components\rectangle_component.cpp">
      <Filter>Source Files</Filter>
    </ClCompile>
    <ClCompile Include="src\graphics\vertex.cpp">
      <Filter>Source Files</Filter>
    </ClCompile>
    <ClCompile Include="src\graphics\image.cpp">
      <Filter>Source Files</Filter>
    </ClCompile>
    <ClCompile Include="src\graphics\gl\texture_impl_gl.cpp">
      <Filter>Source Files</Filter>
    </ClCompile>
  </ItemGroup>
  <ItemGroup>
    <ClInclude Include="include\ai_framework.hpp">
      <Filter>Header Files</Filter>
    </ClInclude>
    <ClInclude Include="include\framework_build.hpp">
      <Filter>Header Files</Filter>
    </ClInclude>
    <ClInclude Include="include\generic\singleton.hpp">
      <Filter>Header Files</Filter>
    </ClInclude>
    <ClInclude Include="include\framework\base_app.hpp">
      <Filter>Header Files</Filter>
    </ClInclude>
    <ClInclude Include="include\graphics\renderer.hpp">
      <Filter>Header Files</Filter>
    </ClInclude>
    <ClInclude Include="include\framework\error_manager.hpp">
      <Filter>Header Files</Filter>
    </ClInclude>
    <ClInclude Include="include\generic\vector2.hpp">
      <Filter>Header Files</Filter>
    </ClInclude>
    <ClInclude Include="include\framework\app_window.hpp">
      <Filter>Header Files</Filter>
    </ClInclude>
    <ClInclude Include="include\platform\win32\wglext.hpp">
      <Filter>Header Files</Filter>
    </ClInclude>
    <ClInclude Include="include\graphics\vertex.hpp">
      <Filter>Header Files</Filter>
    </ClInclude>
    <ClInclude Include="include\graphics\shader.hpp">
      <Filter>Header Files</Filter>
    </ClInclude>
    <ClInclude Include="include\graphics\shader_program.hpp">
      <Filter>Header Files</Filter>
    </ClInclude>
    <ClInclude Include="include\graphics\color.hpp">
      <Filter>Header Files</Filter>
    </ClInclude>
    <ClInclude Include="include\graphics\vertex_buffer.hpp">
      <Filter>Header Files</Filter>
    </ClInclude>
    <ClInclude Include="include\graphics\quad_vertex_buffer.hpp">
      <Filter>Header Files</Filter>
    </ClInclude>
    <ClInclude Include="include\components\rectangle_component.hpp">
      <Filter>Header Files</Filter>
    </ClInclude>
    <ClInclude Include="include\components\base_component.hpp">
      <Filter>Header Files</Filter>
    </ClInclude>
    <ClInclude Include="include\framework_main.hpp">
      <Filter>Header Files</Filter>
    </ClInclude>
    <ClInclude Include="include\framework\shaders_internal.hpp">
      <Filter>Header Files</Filter>
    </ClInclude>
    <ClInclude Include="include\graphics\image.hpp">
      <Filter>Header Files</Filter>
    </ClInclude>
    <ClInclude Include="include\vendor\stb\stb_image.h">
      <Filter>Header Files</Filter>
    </ClInclude>
    <ClInclude Include="include\graphics\texture.hpp">
      <Filter>Header Files</Filter>
    </ClInclude>
    <ClInclude Include="include\input\input_manager.h">
      <Filter>Header Files</Filter>
    </ClInclude>
  </ItemGroup>
  <ItemGroup>
    <None Include="shader\ColorVertex2D.fs" />
    <None Include="shader\ColorVertex2D.vs" />
    <None Include="shader\TexturedVertex2D.vs" />
    <None Include="shader\TexturedVertex2D.fs" />
  </ItemGroup>
  <ItemGroup>
    <Text Include="shader\Vertex2D.vs" />
  </ItemGroup>
</Project>